// !$*UTF8*$!
{
	archiveVersion = 1;
	classes = {
	};
	objectVersion = 46;
	objects = {

/* Begin PBXBuildFile section */
		77501AA114DC42840011923F /* UIKit.framework in Frameworks */ = {isa = PBXBuildFile; fileRef = 77501AA014DC42840011923F /* UIKit.framework */; };
		77501AA314DC42840011923F /* Foundation.framework in Frameworks */ = {isa = PBXBuildFile; fileRef = 77501AA214DC42840011923F /* Foundation.framework */; };
		77501AA514DC42840011923F /* CoreGraphics.framework in Frameworks */ = {isa = PBXBuildFile; fileRef = 77501AA414DC42840011923F /* CoreGraphics.framework */; };
		77501AAB14DC42840011923F /* InfoPlist.strings in Resources */ = {isa = PBXBuildFile; fileRef = 77501AA914DC42840011923F /* InfoPlist.strings */; };
		77501AAD14DC42840011923F /* main.m in Sources */ = {isa = PBXBuildFile; fileRef = 77501AAC14DC42840011923F /* main.m */; };
		77501AB114DC42840011923F /* GDIAppDelegate.m in Sources */ = {isa = PBXBuildFile; fileRef = 77501AB014DC42840011923F /* GDIAppDelegate.m */; };
		77501AB414DC42840011923F /* GDIViewController.m in Sources */ = {isa = PBXBuildFile; fileRef = 77501AB314DC42840011923F /* GDIViewController.m */; };
		77501AB714DC42840011923F /* GDIViewController.xib in Resources */ = {isa = PBXBuildFile; fileRef = 77501AB514DC42840011923F /* GDIViewController.xib */; };
		77501AC014DC47BD0011923F /* GDIMagnifiedPickerView.m in Sources */ = {isa = PBXBuildFile; fileRef = 77501ABF14DC47BD0011923F /* GDIMagnifiedPickerView.m */; };
		77501AC314DC520B0011923F /* UIColor+GDIAdditions.m in Sources */ = {isa = PBXBuildFile; fileRef = 77501AC214DC520B0011923F /* UIColor+GDIAdditions.m */; };
/* End PBXBuildFile section */

/* Begin PBXFileReference section */
		77501A9C14DC42840011923F /* GDIMagnifiedPicker.app */ = {isa = PBXFileReference; explicitFileType = wrapper.application; includeInIndex = 0; path = GDIMagnifiedPicker.app; sourceTree = BUILT_PRODUCTS_DIR; };
		77501AA014DC42840011923F /* UIKit.framework */ = {isa = PBXFileReference; lastKnownFileType = wrapper.framework; name = UIKit.framework; path = System/Library/Frameworks/UIKit.framework; sourceTree = SDKROOT; };
		77501AA214DC42840011923F /* Foundation.framework */ = {isa = PBXFileReference; lastKnownFileType = wrapper.framework; name = Foundation.framework; path = System/Library/Frameworks/Foundation.framework; sourceTree = SDKROOT; };
		77501AA414DC42840011923F /* CoreGraphics.framework */ = {isa = PBXFileReference; lastKnownFileType = wrapper.framework; name = CoreGraphics.framework; path = System/Library/Frameworks/CoreGraphics.framework; sourceTree = SDKROOT; };
		77501AA814DC42840011923F /* GDIMagnifiedPicker-Info.plist */ = {isa = PBXFileReference; lastKnownFileType = text.plist.xml; path = "GDIMagnifiedPicker-Info.plist"; sourceTree = "<group>"; };
		77501AAA14DC42840011923F /* en */ = {isa = PBXFileReference; lastKnownFileType = text.plist.strings; name = en; path = en.lproj/InfoPlist.strings; sourceTree = "<group>"; };
		77501AAC14DC42840011923F /* main.m */ = {isa = PBXFileReference; lastKnownFileType = sourcecode.c.objc; path = main.m; sourceTree = "<group>"; };
		77501AAE14DC42840011923F /* GDIMagnifiedPicker-Prefix.pch */ = {isa = PBXFileReference; lastKnownFileType = sourcecode.c.h; path = "GDIMagnifiedPicker-Prefix.pch"; sourceTree = "<group>"; };
		77501AAF14DC42840011923F /* GDIAppDelegate.h */ = {isa = PBXFileReference; lastKnownFileType = sourcecode.c.h; path = GDIAppDelegate.h; sourceTree = "<group>"; };
		77501AB014DC42840011923F /* GDIAppDelegate.m */ = {isa = PBXFileReference; lastKnownFileType = sourcecode.c.objc; path = GDIAppDelegate.m; sourceTree = "<group>"; };
		77501AB214DC42840011923F /* GDIViewController.h */ = {isa = PBXFileReference; lastKnownFileType = sourcecode.c.h; path = GDIViewController.h; sourceTree = "<group>"; };
		77501AB314DC42840011923F /* GDIViewController.m */ = {isa = PBXFileReference; lastKnownFileType = sourcecode.c.objc; path = GDIViewController.m; sourceTree = "<group>"; };
		77501AB614DC42840011923F /* en */ = {isa = PBXFileReference; lastKnownFileType = file.xib; name = en; path = en.lproj/GDIViewController.xib; sourceTree = "<group>"; };
		77501ABE14DC47BD0011923F /* GDIMagnifiedPickerView.h */ = {isa = PBXFileReference; fileEncoding = 4; lastKnownFileType = sourcecode.c.h; path = GDIMagnifiedPickerView.h; sourceTree = "<group>"; };
		77501ABF14DC47BD0011923F /* GDIMagnifiedPickerView.m */ = {isa = PBXFileReference; fileEncoding = 4; lastKnownFileType = sourcecode.c.objc; path = GDIMagnifiedPickerView.m; sourceTree = "<group>"; };
		77501AC114DC520B0011923F /* UIColor+GDIAdditions.h */ = {isa = PBXFileReference; fileEncoding = 4; lastKnownFileType = sourcecode.c.h; path = "UIColor+GDIAdditions.h"; sourceTree = "<group>"; };
		77501AC214DC520B0011923F /* UIColor+GDIAdditions.m */ = {isa = PBXFileReference; fileEncoding = 4; lastKnownFileType = sourcecode.c.objc; path = "UIColor+GDIAdditions.m"; sourceTree = "<group>"; };
/* End PBXFileReference section */

/* Begin PBXFrameworksBuildPhase section */
		77501A9914DC42840011923F /* Frameworks */ = {
			isa = PBXFrameworksBuildPhase;
			buildActionMask = 2147483647;
			files = (
				77501AA114DC42840011923F /* UIKit.framework in Frameworks */,
				77501AA314DC42840011923F /* Foundation.framework in Frameworks */,
				77501AA514DC42840011923F /* CoreGraphics.framework in Frameworks */,
			);
			runOnlyForDeploymentPostprocessing = 0;
		};
/* End PBXFrameworksBuildPhase section */

/* Begin PBXGroup section */
		77501A9114DC42840011923F = {
			isa = PBXGroup;
			children = (
				77501AA614DC42840011923F /* GDIMagnifiedPicker */,
				77501A9F14DC42840011923F /* Frameworks */,
				77501A9D14DC42840011923F /* Products */,
			);
			sourceTree = "<group>";
		};
		77501A9D14DC42840011923F /* Products */ = {
			isa = PBXGroup;
			children = (
				77501A9C14DC42840011923F /* GDIMagnifiedPicker.app */,
			);
			name = Products;
			sourceTree = "<group>";
		};
		77501A9F14DC42840011923F /* Frameworks */ = {
			isa = PBXGroup;
			children = (
				77501AA014DC42840011923F /* UIKit.framework */,
				77501AA214DC42840011923F /* Foundation.framework */,
				77501AA414DC42840011923F /* CoreGraphics.framework */,
			);
			name = Frameworks;
			sourceTree = "<group>";
		};
		77501AA614DC42840011923F /* GDIMagnifiedPicker */ = {
			isa = PBXGroup;
			children = (
				77501ABD14DC42910011923F /* Magnified Picker */,
				77501AAF14DC42840011923F /* GDIAppDelegate.h */,
				77501AB014DC42840011923F /* GDIAppDelegate.m */,
				77501AB214DC42840011923F /* GDIViewController.h */,
				77501AB314DC42840011923F /* GDIViewController.m */,
				77501AB514DC42840011923F /* GDIViewController.xib */,
				77501AA714DC42840011923F /* Supporting Files */,
				77501AC114DC520B0011923F /* UIColor+GDIAdditions.h */,
				77501AC214DC520B0011923F /* UIColor+GDIAdditions.m */,
			);
			path = GDIMagnifiedPicker;
			sourceTree = "<group>";
		};
		77501AA714DC42840011923F /* Supporting Files */ = {
			isa = PBXGroup;
			children = (
				77501AA814DC42840011923F /* GDIMagnifiedPicker-Info.plist */,
				77501AA914DC42840011923F /* InfoPlist.strings */,
				77501AAC14DC42840011923F /* main.m */,
				77501AAE14DC42840011923F /* GDIMagnifiedPicker-Prefix.pch */,
			);
			name = "Supporting Files";
			sourceTree = "<group>";
		};
		77501ABD14DC42910011923F /* Magnified Picker */ = {
			isa = PBXGroup;
			children = (
				77501ABE14DC47BD0011923F /* GDIMagnifiedPickerView.h */,
				77501ABF14DC47BD0011923F /* GDIMagnifiedPickerView.m */,
			);
			name = "Magnified Picker";
			sourceTree = "<group>";
		};
/* End PBXGroup section */

/* Begin PBXNativeTarget section */
		77501A9B14DC42840011923F /* GDIMagnifiedPicker */ = {
			isa = PBXNativeTarget;
			buildConfigurationList = 77501ABA14DC42840011923F /* Build configuration list for PBXNativeTarget "GDIMagnifiedPicker" */;
			buildPhases = (
				77501A9814DC42840011923F /* Sources */,
				77501A9914DC42840011923F /* Frameworks */,
				77501A9A14DC42840011923F /* Resources */,
			);
			buildRules = (
			);
			dependencies = (
			);
			name = GDIMagnifiedPicker;
			productName = GDIMagnifiedPicker;
			productReference = 77501A9C14DC42840011923F /* GDIMagnifiedPicker.app */;
			productType = "com.apple.product-type.application";
		};
/* End PBXNativeTarget section */

/* Begin PBXProject section */
		77501A9314DC42840011923F /* Project object */ = {
			isa = PBXProject;
			attributes = {
				LastUpgradeCheck = 0420;
			};
			buildConfigurationList = 77501A9614DC42840011923F /* Build configuration list for PBXProject "GDIMagnifiedPicker" */;
			compatibilityVersion = "Xcode 3.2";
			developmentRegion = English;
			hasScannedForEncodings = 0;
			knownRegions = (
				en,
			);
			mainGroup = 77501A9114DC42840011923F;
			productRefGroup = 77501A9D14DC42840011923F /* Products */;
			projectDirPath = "";
			projectRoot = "";
			targets = (
				77501A9B14DC42840011923F /* GDIMagnifiedPicker */,
			);
		};
/* End PBXProject section */

/* Begin PBXResourcesBuildPhase section */
		77501A9A14DC42840011923F /* Resources */ = {
			isa = PBXResourcesBuildPhase;
			buildActionMask = 2147483647;
			files = (
				77501AAB14DC42840011923F /* InfoPlist.strings in Resources */,
				77501AB714DC42840011923F /* GDIViewController.xib in Resources */,
			);
			runOnlyForDeploymentPostprocessing = 0;
		};
/* End PBXResourcesBuildPhase section */

/* Begin PBXSourcesBuildPhase section */
		77501A9814DC42840011923F /* Sources */ = {
			isa = PBXSourcesBuildPhase;
			buildActionMask = 2147483647;
			files = (
				77501AAD14DC42840011923F /* main.m in Sources */,
				77501AB114DC42840011923F /* GDIAppDelegate.m in Sources */,
				77501AB414DC42840011923F /* GDIViewController.m in Sources */,
				77501AC014DC47BD0011923F /* GDIMagnifiedPickerView.m in Sources */,
				77501AC314DC520B0011923F /* UIColor+GDIAdditions.m in Sources */,
			);
			runOnlyForDeploymentPostprocessing = 0;
		};
/* End PBXSourcesBuildPhase section */

/* Begin PBXVariantGroup section */
		77501AA914DC42840011923F /* InfoPlist.strings */ = {
			isa = PBXVariantGroup;
			children = (
				77501AAA14DC42840011923F /* en */,
			);
			name = InfoPlist.strings;
			sourceTree = "<group>";
		};
		77501AB514DC42840011923F /* GDIViewController.xib */ = {
			isa = PBXVariantGroup;
			children = (
				77501AB614DC42840011923F /* en */,
			);
			name = GDIViewController.xib;
			sourceTree = "<group>";
		};
/* End PBXVariantGroup section */

/* Begin XCBuildConfiguration section */
		77501AB814DC42840011923F /* Debug */ = {
			isa = XCBuildConfiguration;
			buildSettings = {
				ALWAYS_SEARCH_USER_PATHS = NO;
				ARCHS = "$(ARCHS_STANDARD_32_BIT)";
				CLANG_ENABLE_OBJC_ARC = YES;
				"CODE_SIGN_IDENTITY[sdk=iphoneos*]" = "iPhone Developer";
				COPY_PHASE_STRIP = NO;
				GCC_C_LANGUAGE_STANDARD = gnu99;
				GCC_DYNAMIC_NO_PIC = NO;
				GCC_OPTIMIZATION_LEVEL = 0;
				GCC_PREPROCESSOR_DEFINITIONS = (
					"DEBUG=1",
					"$(inherited)",
				);
				GCC_SYMBOLS_PRIVATE_EXTERN = NO;
				GCC_VERSION = com.apple.compilers.llvm.clang.1_0;
				GCC_WARN_ABOUT_MISSING_PROTOTYPES = YES;
				GCC_WARN_ABOUT_RETURN_TYPE = YES;
				GCC_WARN_UNUSED_VARIABLE = YES;
				IPHONEOS_DEPLOYMENT_TARGET = 5.0;
				SDKROOT = iphoneos;
			};
			name = Debug;
		};
		77501AB914DC42840011923F /* Release */ = {
			isa = XCBuildConfiguration;
			buildSettings = {
				ALWAYS_SEARCH_USER_PATHS = NO;
				ARCHS = "$(ARCHS_STANDARD_32_BIT)";
				CLANG_ENABLE_OBJC_ARC = YES;
				"CODE_SIGN_IDENTITY[sdk=iphoneos*]" = "iPhone Developer";
				COPY_PHASE_STRIP = YES;
				GCC_C_LANGUAGE_STANDARD = gnu99;
				GCC_VERSION = com.apple.compilers.llvm.clang.1_0;
				GCC_WARN_ABOUT_MISSING_PROTOTYPES = YES;
				GCC_WARN_ABOUT_RETURN_TYPE = YES;
				GCC_WARN_UNUSED_VARIABLE = YES;
				IPHONEOS_DEPLOYMENT_TARGET = 5.0;
				OTHER_CFLAGS = "-DNS_BLOCK_ASSERTIONS=1";
				SDKROOT = iphoneos;
				VALIDATE_PRODUCT = YES;
			};
			name = Release;
		};
		77501ABB14DC42840011923F /* Debug */ = {
			isa = XCBuildConfiguration;
			buildSettings = {
				GCC_PRECOMPILE_PREFIX_HEADER = YES;
				GCC_PREFIX_HEADER = "GDIMagnifiedPicker/GDIMagnifiedPicker-Prefix.pch";
				INFOPLIST_FILE = "GDIMagnifiedPicker/GDIMagnifiedPicker-Info.plist";
				PRODUCT_NAME = "$(TARGET_NAME)";
				WRAPPER_EXTENSION = app;
			};
			name = Debug;
		};
		77501ABC14DC42840011923F /* Release */ = {
			isa = XCBuildConfiguration;
			buildSettings = {
				GCC_PRECOMPILE_PREFIX_HEADER = YES;
				GCC_PREFIX_HEADER = "GDIMagnifiedPicker/GDIMagnifiedPicker-Prefix.pch";
				INFOPLIST_FILE = "GDIMagnifiedPicker/GDIMagnifiedPicker-Info.plist";
				PRODUCT_NAME = "$(TARGET_NAME)";
				WRAPPER_EXTENSION = app;
			};
			name = Release;
		};
/* End XCBuildConfiguration section */

/* Begin XCConfigurationList section */
		77501A9614DC42840011923F /* Build configuration list for PBXProject "GDIMagnifiedPicker" */ = {
			isa = XCConfigurationList;
			buildConfigurations = (
				77501AB814DC42840011923F /* Debug */,
				77501AB914DC42840011923F /* Release */,
			);
			defaultConfigurationIsVisible = 0;
			defaultConfigurationName = Release;
		};
		77501ABA14DC42840011923F /* Build configuration list for PBXNativeTarget "GDIMagnifiedPicker" */ = {
			isa = XCConfigurationList;
			buildConfigurations = (
				77501ABB14DC42840011923F /* Debug */,
				77501ABC14DC42840011923F /* Release */,
			);
			defaultConfigurationIsVisible = 0;
		};
/* End XCConfigurationList section */
	};
	rootObject = 77501A9314DC42840011923F /* Project object */;
}
